
Microsoft Visual Studio Solution File, Format Version 12.00
# Visual Studio Version 17
VisualStudioVersion = 17.1.32210.238
MinimumVisualStudioVersion = 10.0.40219.1
Project("{FAE04EC0-301F-11D3-BF4B-00C04F79EFBC}") = "SegurosSigloXXl", "SegurosSigloXXl\SegurosSigloXXl.csproj", "{C1CDF6DF-3CE4-4619-9DDC-AE9D88DAE965}"
EndProject
Global
	GlobalSection(SolutionConfigurationPlatforms) = preSolution
		Debug|Any CPU = Debug|Any CPU
		Release|Any CPU = Release|Any CPU
	EndGlobalSection
	GlobalSection(ProjectConfigurationPlatforms) = postSolution
		{C1CDF6DF-3CE4-4619-9DDC-AE9D88DAE965}.Debug|Any CPU.ActiveCfg = Debug|Any CPU
		{C1CDF6DF-3CE4-4619-9DDC-AE9D88DAE965}.Debug|Any CPU.Build.0 = Debug|Any CPU
		{C1CDF6DF-3CE4-4619-9DDC-AE9D88DAE965}.Release|Any CPU.ActiveCfg = Release|Any CPU
		{C1CDF6DF-3CE4-4619-9DDC-AE9D88DAE965}.Release|Any CPU.Build.0 = Release|Any CPU
	EndGlobalSection
	GlobalSection(SolutionProperties) = preSolution
		HideSolutionNode = FALSE
	EndGlobalSection
	GlobalSection(ExtensibilityGlobals) = postSolution
		SolutionGuid = {FF32F0A9-A041-467B-9873-58987394400A}
	EndGlobalSection
EndGlobal
